
Microsoft Visual Studio Solution File, Format Version 12.00
# Visual Studio Version 17
VisualStudioVersion = 17.9.34728.123
MinimumVisualStudioVersion = 10.0.40219.1
Project("{FAE04EC0-301F-11D3-BF4B-00C04F79EFBC}") = "WebApi-Livros", "WebApi-Livros\WebApi-Livros.csproj", "{C173A528-12C8-4A20-A923-91CE5C8858AD}"
EndProject
Global
	GlobalSection(SolutionConfigurationPlatforms) = preSolution
		Debug|Any CPU = Debug|Any CPU
		Release|Any CPU = Release|Any CPU
	EndGlobalSection
	GlobalSection(ProjectConfigurationPlatforms) = postSolution
		{C173A528-12C8-4A20-A923-91CE5C8858AD}.Debug|Any CPU.ActiveCfg = Debug|Any CPU
		{C173A528-12C8-4A20-A923-91CE5C8858AD}.Debug|Any CPU.Build.0 = Debug|Any CPU
		{C173A528-12C8-4A20-A923-91CE5C8858AD}.Release|Any CPU.ActiveCfg = Release|Any CPU
		{C173A528-12C8-4A20-A923-91CE5C8858AD}.Release|Any CPU.Build.0 = Release|Any CPU
	EndGlobalSection
	GlobalSection(SolutionProperties) = preSolution
		HideSolutionNode = FALSE
	EndGlobalSection
	GlobalSection(ExtensibilityGlobals) = postSolution
		SolutionGuid = {4C60836B-5C0E-47D6-9CBC-E1C95DE367B5}
	EndGlobalSection
EndGlobal
